
Microsoft Visual Studio Solution File, Format Version 12.00
# Visual Studio 14
VisualStudioVersion = 14.0.22823.1
MinimumVisualStudioVersion = 10.0.40219.1
Project("{FAE04EC0-301F-11D3-BF4B-00C04F79EFBC}") = "Crystal2", "src\Crystal2\Crystal2.csproj", "{FFEAB44C-1D1E-4D13-B00B-C71237C01448}"
EndProject
Project("{FAE04EC0-301F-11D3-BF4B-00C04F79EFBC}") = "Crystal2.Universal8", "src\Crystal2.Universal8\Crystal2.Universal8.csproj", "{8CA54B37-1DF7-4800-B3BF-C1D6E00F9F76}"
EndProject
Project("{FAE04EC0-301F-11D3-BF4B-00C04F79EFBC}") = "Crystal2.Universal8.Phone", "src\Crystal2.Universal8.Phone\Crystal2.Universal8.Phone.csproj", "{8A6703A0-6CC5-4D44-B538-81E1BA133960}"
EndProject
Project("{2150E333-8FDC-42A3-9474-1A3956D46DE8}") = "Test Apps", "Test Apps", "{65EC5BBF-3E6A-4C21-ACB1-3FF778D35DDF}"
EndProject
Project("{FAE04EC0-301F-11D3-BF4B-00C04F79EFBC}") = "CrystalSpeedLaunchTest", "src\Test Apps\CrystalSpeedLaunchTest\CrystalSpeedLaunchTest.csproj", "{CE9C4C11-AE81-43B6-9363-C5EF5C25569C}"
EndProject
Project("{FAE04EC0-301F-11D3-BF4B-00C04F79EFBC}") = "Crystal2.Universal8.PC", "src\Crystal2.Universal8.PC\Crystal2.Universal8.PC.csproj", "{7BECD7AC-EC86-42F1-9DAC-9908C5EEE0A4}"
EndProject
Project("{2150E333-8FDC-42A3-9474-1A3956D46DE8}") = "Windows 8.1", "Windows 8.1", "{E1DE1048-4846-4CAC-8797-54C24D3C1781}"
EndProject
Global
	GlobalSection(SolutionConfigurationPlatforms) = preSolution
		Debug|Any CPU = Debug|Any CPU
		Debug|ARM = Debug|ARM
		Debug|x64 = Debug|x64
		Debug|x86 = Debug|x86
		Release|Any CPU = Release|Any CPU
		Release|ARM = Release|ARM
		Release|x64 = Release|x64
		Release|x86 = Release|x86
	EndGlobalSection
	GlobalSection(ProjectConfigurationPlatforms) = postSolution
		{FFEAB44C-1D1E-4D13-B00B-C71237C01448}.Debug|Any CPU.ActiveCfg = Debug|Any CPU
		{FFEAB44C-1D1E-4D13-B00B-C71237C01448}.Debug|Any CPU.Build.0 = Debug|Any CPU
		{FFEAB44C-1D1E-4D13-B00B-C71237C01448}.Debug|ARM.ActiveCfg = Debug|Any CPU
		{FFEAB44C-1D1E-4D13-B00B-C71237C01448}.Debug|x64.ActiveCfg = Debug|Any CPU
		{FFEAB44C-1D1E-4D13-B00B-C71237C01448}.Debug|x64.Build.0 = Debug|Any CPU
		{FFEAB44C-1D1E-4D13-B00B-C71237C01448}.Debug|x86.ActiveCfg = Debug|Any CPU
		{FFEAB44C-1D1E-4D13-B00B-C71237C01448}.Release|Any CPU.ActiveCfg = Release|Any CPU
		{FFEAB44C-1D1E-4D13-B00B-C71237C01448}.Release|Any CPU.Build.0 = Release|Any CPU
		{FFEAB44C-1D1E-4D13-B00B-C71237C01448}.Release|ARM.ActiveCfg = Release|Any CPU
		{FFEAB44C-1D1E-4D13-B00B-C71237C01448}.Release|x64.ActiveCfg = Release|Any CPU
		{FFEAB44C-1D1E-4D13-B00B-C71237C01448}.Release|x64.Build.0 = Release|Any CPU
		{FFEAB44C-1D1E-4D13-B00B-C71237C01448}.Release|x86.ActiveCfg = Release|Any CPU
		{8CA54B37-1DF7-4800-B3BF-C1D6E00F9F76}.Debug|Any CPU.ActiveCfg = Debug|Any CPU
		{8CA54B37-1DF7-4800-B3BF-C1D6E00F9F76}.Debug|Any CPU.Build.0 = Debug|Any CPU
		{8CA54B37-1DF7-4800-B3BF-C1D6E00F9F76}.Debug|ARM.ActiveCfg = Debug|Any CPU
		{8CA54B37-1DF7-4800-B3BF-C1D6E00F9F76}.Debug|x64.ActiveCfg = Debug|Any CPU
		{8CA54B37-1DF7-4800-B3BF-C1D6E00F9F76}.Debug|x64.Build.0 = Debug|Any CPU
		{8CA54B37-1DF7-4800-B3BF-C1D6E00F9F76}.Debug|x86.ActiveCfg = Debug|Any CPU
		{8CA54B37-1DF7-4800-B3BF-C1D6E00F9F76}.Release|Any CPU.ActiveCfg = Release|Any CPU
		{8CA54B37-1DF7-4800-B3BF-C1D6E00F9F76}.Release|Any CPU.Build.0 = Release|Any CPU
		{8CA54B37-1DF7-4800-B3BF-C1D6E00F9F76}.Release|ARM.ActiveCfg = Release|Any CPU
		{8CA54B37-1DF7-4800-B3BF-C1D6E00F9F76}.Release|x64.ActiveCfg = Release|Any CPU
		{8CA54B37-1DF7-4800-B3BF-C1D6E00F9F76}.Release|x64.Build.0 = Release|Any CPU
		{8CA54B37-1DF7-4800-B3BF-C1D6E00F9F76}.Release|x86.ActiveCfg = Release|Any CPU
		{8A6703A0-6CC5-4D44-B538-81E1BA133960}.Debug|Any CPU.ActiveCfg = Debug|Any CPU
		{8A6703A0-6CC5-4D44-B538-81E1BA133960}.Debug|Any CPU.Build.0 = Debug|Any CPU
		{8A6703A0-6CC5-4D44-B538-81E1BA133960}.Debug|ARM.ActiveCfg = Debug|ARM
		{8A6703A0-6CC5-4D44-B538-81E1BA133960}.Debug|ARM.Build.0 = Debug|ARM
		{8A6703A0-6CC5-4D44-B538-81E1BA133960}.Debug|x64.ActiveCfg = Debug|Any CPU
		{8A6703A0-6CC5-4D44-B538-81E1BA133960}.Debug|x64.Build.0 = Debug|Any CPU
		{8A6703A0-6CC5-4D44-B538-81E1BA133960}.Debug|x86.ActiveCfg = Debug|x86
		{8A6703A0-6CC5-4D44-B538-81E1BA133960}.Debug|x86.Build.0 = Debug|x86
		{8A6703A0-6CC5-4D44-B538-81E1BA133960}.Release|Any CPU.ActiveCfg = Release|Any CPU
		{8A6703A0-6CC5-4D44-B538-81E1BA133960}.Release|Any CPU.Build.0 = Release|Any CPU
		{8A6703A0-6CC5-4D44-B538-81E1BA133960}.Release|ARM.ActiveCfg = Release|ARM
		{8A6703A0-6CC5-4D44-B538-81E1BA133960}.Release|ARM.Build.0 = Release|ARM
		{8A6703A0-6CC5-4D44-B538-81E1BA133960}.Release|x64.ActiveCfg = Release|Any CPU
		{8A6703A0-6CC5-4D44-B538-81E1BA133960}.Release|x64.Build.0 = Release|Any CPU
		{8A6703A0-6CC5-4D44-B538-81E1BA133960}.Release|x86.ActiveCfg = Release|x86
		{8A6703A0-6CC5-4D44-B538-81E1BA133960}.Release|x86.Build.0 = Release|x86
		{CE9C4C11-AE81-43B6-9363-C5EF5C25569C}.Debug|Any CPU.ActiveCfg = Debug|Any CPU
		{CE9C4C11-AE81-43B6-9363-C5EF5C25569C}.Debug|Any CPU.Build.0 = Debug|Any CPU
		{CE9C4C11-AE81-43B6-9363-C5EF5C25569C}.Debug|Any CPU.Deploy.0 = Debug|Any CPU
		{CE9C4C11-AE81-43B6-9363-C5EF5C25569C}.Debug|ARM.ActiveCfg = Debug|ARM
		{CE9C4C11-AE81-43B6-9363-C5EF5C25569C}.Debug|ARM.Build.0 = Debug|ARM
		{CE9C4C11-AE81-43B6-9363-C5EF5C25569C}.Debug|ARM.Deploy.0 = Debug|ARM
		{CE9C4C11-AE81-43B6-9363-C5EF5C25569C}.Debug|x64.ActiveCfg = Debug|Any CPU
		{CE9C4C11-AE81-43B6-9363-C5EF5C25569C}.Debug|x64.Build.0 = Debug|Any CPU
		{CE9C4C11-AE81-43B6-9363-C5EF5C25569C}.Debug|x64.Deploy.0 = Debug|Any CPU
		{CE9C4C11-AE81-43B6-9363-C5EF5C25569C}.Debug|x86.ActiveCfg = Debug|x86
		{CE9C4C11-AE81-43B6-9363-C5EF5C25569C}.Debug|x86.Build.0 = Debug|x86
		{CE9C4C11-AE81-43B6-9363-C5EF5C25569C}.Debug|x86.Deploy.0 = Debug|x86
		{CE9C4C11-AE81-43B6-9363-C5EF5C25569C}.Release|Any CPU.ActiveCfg = Release|Any CPU
		{CE9C4C11-AE81-43B6-9363-C5EF5C25569C}.Release|Any CPU.Build.0 = Release|Any CPU
		{CE9C4C11-AE81-43B6-9363-C5EF5C25569C}.Release|Any CPU.Deploy.0 = Release|Any CPU
		{CE9C4C11-AE81-43B6-9363-C5EF5C25569C}.Release|ARM.ActiveCfg = Release|ARM
		{CE9C4C11-AE81-43B6-9363-C5EF5C25569C}.Release|ARM.Build.0 = Release|ARM
		{CE9C4C11-AE81-43B6-9363-C5EF5C25569C}.Release|ARM.Deploy.0 = Release|ARM
		{CE9C4C11-AE81-43B6-9363-C5EF5C25569C}.Release|x64.ActiveCfg = Release|Any CPU
		{CE9C4C11-AE81-43B6-9363-C5EF5C25569C}.Release|x64.Build.0 = Release|Any CPU
		{CE9C4C11-AE81-43B6-9363-C5EF5C25569C}.Release|x64.Deploy.0 = Release|Any CPU
		{CE9C4C11-AE81-43B6-9363-C5EF5C25569C}.Release|x86.ActiveCfg = Release|x86
		{CE9C4C11-AE81-43B6-9363-C5EF5C25569C}.Release|x86.Build.0 = Release|x86
		{CE9C4C11-AE81-43B6-9363-C5EF5C25569C}.Release|x86.Deploy.0 = Release|x86
		{7BECD7AC-EC86-42F1-9DAC-9908C5EEE0A4}.Debug|Any CPU.ActiveCfg = Debug|Any CPU
		{7BECD7AC-EC86-42F1-9DAC-9908C5EEE0A4}.Debug|Any CPU.Build.0 = Debug|Any CPU
		{7BECD7AC-EC86-42F1-9DAC-9908C5EEE0A4}.Debug|ARM.ActiveCfg = Debug|Any CPU
		{7BECD7AC-EC86-42F1-9DAC-9908C5EEE0A4}.Debug|x64.ActiveCfg = Debug|Any CPU
		{7BECD7AC-EC86-42F1-9DAC-9908C5EEE0A4}.Debug|x64.Build.0 = Debug|Any CPU
		{7BECD7AC-EC86-42F1-9DAC-9908C5EEE0A4}.Debug|x86.ActiveCfg = Debug|Any CPU
		{7BECD7AC-EC86-42F1-9DAC-9908C5EEE0A4}.Release|Any CPU.ActiveCfg = Release|Any CPU
		{7BECD7AC-EC86-42F1-9DAC-9908C5EEE0A4}.Release|Any CPU.Build.0 = Release|Any CPU
		{7BECD7AC-EC86-42F1-9DAC-9908C5EEE0A4}.Release|ARM.ActiveCfg = Release|Any CPU
		{7BECD7AC-EC86-42F1-9DAC-9908C5EEE0A4}.Release|x64.ActiveCfg = Release|Any CPU
		{7BECD7AC-EC86-42F1-9DAC-9908C5EEE0A4}.Release|x64.Build.0 = Release|Any CPU
		{7BECD7AC-EC86-42F1-9DAC-9908C5EEE0A4}.Release|x86.ActiveCfg = Release|Any CPU
	EndGlobalSection
	GlobalSection(SolutionProperties) = preSolution
		HideSolutionNode = FALSE
	EndGlobalSection
	GlobalSection(NestedProjects) = preSolution
		{8CA54B37-1DF7-4800-B3BF-C1D6E00F9F76} = {E1DE1048-4846-4CAC-8797-54C24D3C1781}
		{8A6703A0-6CC5-4D44-B538-81E1BA133960} = {E1DE1048-4846-4CAC-8797-54C24D3C1781}
		{CE9C4C11-AE81-43B6-9363-C5EF5C25569C} = {65EC5BBF-3E6A-4C21-ACB1-3FF778D35DDF}
		{7BECD7AC-EC86-42F1-9DAC-9908C5EEE0A4} = {E1DE1048-4846-4CAC-8797-54C24D3C1781}
	EndGlobalSection
EndGlobal
